
Microsoft Visual Studio Solution File, Format Version 12.00
# Visual Studio Version 17
VisualStudioVersion = 17.8.34330.188
MinimumVisualStudioVersion = 10.0.40219.1
Project("{FAE04EC0-301F-11D3-BF4B-00C04F79EFBC}") = "DockerWebApp", "DockerWebApp\DockerWebApp.csproj", "{0AF8D48C-5822-40C0-9E7A-69CF8963F897}"
EndProject
Global
	GlobalSection(SolutionConfigurationPlatforms) = preSolution
		Debug|Any CPU = Debug|Any CPU
		Release|Any CPU = Release|Any CPU
	EndGlobalSection
	GlobalSection(ProjectConfigurationPlatforms) = postSolution
		{0AF8D48C-5822-40C0-9E7A-69CF8963F897}.Debug|Any CPU.ActiveCfg = Debug|Any CPU
		{0AF8D48C-5822-40C0-9E7A-69CF8963F897}.Debug|Any CPU.Build.0 = Debug|Any CPU
		{0AF8D48C-5822-40C0-9E7A-69CF8963F897}.Release|Any CPU.ActiveCfg = Release|Any CPU
		{0AF8D48C-5822-40C0-9E7A-69CF8963F897}.Release|Any CPU.Build.0 = Release|Any CPU
	EndGlobalSection
	GlobalSection(SolutionProperties) = preSolution
		HideSolutionNode = FALSE
	EndGlobalSection
	GlobalSection(ExtensibilityGlobals) = postSolution
		SolutionGuid = {37ED6710-F550-41EA-9E00-FAB670393671}
	EndGlobalSection
EndGlobal
